// !$*UTF8*$!
{
	archiveVersion = 1;
	classes = {
	};
	objectVersion = 50;
	objects = {

/* Begin PBXBuildFile section */
		7D894F2224CBBD07004D47F9 /* AppDelegate.swift in Sources */ = {isa = PBXBuildFile; fileRef = 7D894F2124CBBD07004D47F9 /* AppDelegate.swift */; };
		7D894F2424CBBD07004D47F9 /* SceneDelegate.swift in Sources */ = {isa = PBXBuildFile; fileRef = 7D894F2324CBBD07004D47F9 /* SceneDelegate.swift */; };
		7D894F2624CBBD07004D47F9 /* ViewController.swift in Sources */ = {isa = PBXBuildFile; fileRef = 7D894F2524CBBD07004D47F9 /* ViewController.swift */; };
		7D894F2924CBBD07004D47F9 /* Main.storyboard in Resources */ = {isa = PBXBuildFile; fileRef = 7D894F2724CBBD07004D47F9 /* Main.storyboard */; };
		7D894F2B24CBBD09004D47F9 /* Assets.xcassets in Resources */ = {isa = PBXBuildFile; fileRef = 7D894F2A24CBBD09004D47F9 /* Assets.xcassets */; };
		7D894F2E24CBBD09004D47F9 /* LaunchScreen.storyboard in Resources */ = {isa = PBXBuildFile; fileRef = 7D894F2C24CBBD09004D47F9 /* LaunchScreen.storyboard */; };
		7D894F3924CBBD09004D47F9 /* PixabayImageTests.swift in Sources */ = {isa = PBXBuildFile; fileRef = 7D894F3824CBBD09004D47F9 /* PixabayImageTests.swift */; };
/* End PBXBuildFile section */

/* Begin PBXContainerItemProxy section */
		7D894F3524CBBD09004D47F9 /* PBXContainerItemProxy */ = {
			isa = PBXContainerItemProxy;
			containerPortal = 7D894F1624CBBD07004D47F9 /* Project object */;
			proxyType = 1;
			remoteGlobalIDString = 7D894F1D24CBBD07004D47F9;
			remoteInfo = PixabayImage;
		};
/* End PBXContainerItemProxy section */

/* Begin PBXFileReference section */
		7D894F1E24CBBD07004D47F9 /* PixabayImage.app */ = {isa = PBXFileReference; explicitFileType = wrapper.application; includeInIndex = 0; path = PixabayImage.app; sourceTree = BUILT_PRODUCTS_DIR; };
		7D894F2124CBBD07004D47F9 /* AppDelegate.swift */ = {isa = PBXFileReference; lastKnownFileType = sourcecode.swift; path = AppDelegate.swift; sourceTree = "<group>"; };
		7D894F2324CBBD07004D47F9 /* SceneDelegate.swift */ = {isa = PBXFileReference; lastKnownFileType = sourcecode.swift; path = SceneDelegate.swift; sourceTree = "<group>"; };
		7D894F2524CBBD07004D47F9 /* ViewController.swift */ = {isa = PBXFileReference; lastKnownFileType = sourcecode.swift; path = ViewController.swift; sourceTree = "<group>"; };
		7D894F2824CBBD07004D47F9 /* Base */ = {isa = PBXFileReference; lastKnownFileType = file.storyboard; name = Base; path = Base.lproj/Main.storyboard; sourceTree = "<group>"; };
		7D894F2A24CBBD09004D47F9 /* Assets.xcassets */ = {isa = PBXFileReference; lastKnownFileType = folder.assetcatalog; path = Assets.xcassets; sourceTree = "<group>"; };
		7D894F2D24CBBD09004D47F9 /* Base */ = {isa = PBXFileReference; lastKnownFileType = file.storyboard; name = Base; path = Base.lproj/LaunchScreen.storyboard; sourceTree = "<group>"; };
		7D894F2F24CBBD09004D47F9 /* Info.plist */ = {isa = PBXFileReference; lastKnownFileType = text.plist.xml; path = Info.plist; sourceTree = "<group>"; };
		7D894F3424CBBD09004D47F9 /* PixabayImageTests.xctest */ = {isa = PBXFileReference; explicitFileType = wrapper.cfbundle; includeInIndex = 0; path = PixabayImageTests.xctest; sourceTree = BUILT_PRODUCTS_DIR; };
		7D894F3824CBBD09004D47F9 /* PixabayImageTests.swift */ = {isa = PBXFileReference; lastKnownFileType = sourcecode.swift; path = PixabayImageTests.swift; sourceTree = "<group>"; };
		7D894F3A24CBBD09004D47F9 /* Info.plist */ = {isa = PBXFileReference; lastKnownFileType = text.plist.xml; path = Info.plist; sourceTree = "<group>"; };
/* End PBXFileReference section */

/* Begin PBXFrameworksBuildPhase section */
		7D894F1B24CBBD07004D47F9 /* Frameworks */ = {
			isa = PBXFrameworksBuildPhase;
			buildActionMask = 2147483647;
			files = (
			);
			runOnlyForDeploymentPostprocessing = 0;
		};
		7D894F3124CBBD09004D47F9 /* Frameworks */ = {
			isa = PBXFrameworksBuildPhase;
			buildActionMask = 2147483647;
			files = (
			);
			runOnlyForDeploymentPostprocessing = 0;
		};
/* End PBXFrameworksBuildPhase section */

/* Begin PBXGroup section */
		7D894F1524CBBD07004D47F9 = {
			isa = PBXGroup;
			children = (
				7D894F2024CBBD07004D47F9 /* PixabayImage */,
				7D894F3724CBBD09004D47F9 /* PixabayImageTests */,
				7D894F1F24CBBD07004D47F9 /* Products */,
			);
			sourceTree = "<group>";
		};
		7D894F1F24CBBD07004D47F9 /* Products */ = {
			isa = PBXGroup;
			children = (
				7D894F1E24CBBD07004D47F9 /* PixabayImage.app */,
				7D894F3424CBBD09004D47F9 /* PixabayImageTests.xctest */,
			);
			name = Products;
			sourceTree = "<group>";
		};
		7D894F2024CBBD07004D47F9 /* PixabayImage */ = {
			isa = PBXGroup;
			children = (
				7D894F2124CBBD07004D47F9 /* AppDelegate.swift */,
				7D894F2324CBBD07004D47F9 /* SceneDelegate.swift */,
				7D894F2524CBBD07004D47F9 /* ViewController.swift */,
				7D894F2724CBBD07004D47F9 /* Main.storyboard */,
				7D894F2A24CBBD09004D47F9 /* Assets.xcassets */,
				7D894F2C24CBBD09004D47F9 /* LaunchScreen.storyboard */,
				7D894F2F24CBBD09004D47F9 /* Info.plist */,
			);
			path = PixabayImage;
			sourceTree = "<group>";
		};
		7D894F3724CBBD09004D47F9 /* PixabayImageTests */ = {
			isa = PBXGroup;
			children = (
				7D894F3824CBBD09004D47F9 /* PixabayImageTests.swift */,
				7D894F3A24CBBD09004D47F9 /* Info.plist */,
			);
			path = PixabayImageTests;
			sourceTree = "<group>";
		};
/* End PBXGroup section */

/* Begin PBXNativeTarget section */
		7D894F1D24CBBD07004D47F9 /* PixabayImage */ = {
			isa = PBXNativeTarget;
			buildConfigurationList = 7D894F3D24CBBD09004D47F9 /* Build configuration list for PBXNativeTarget "PixabayImage" */;
			buildPhases = (
				7D894F1A24CBBD07004D47F9 /* Sources */,
				7D894F1B24CBBD07004D47F9 /* Frameworks */,
				7D894F1C24CBBD07004D47F9 /* Resources */,
			);
			buildRules = (
			);
			dependencies = (
			);
			name = PixabayImage;
			productName = PixabayImage;
			productReference = 7D894F1E24CBBD07004D47F9 /* PixabayImage.app */;
			productType = "com.apple.product-type.application";
		};
		7D894F3324CBBD09004D47F9 /* PixabayImageTests */ = {
			isa = PBXNativeTarget;
			buildConfigurationList = 7D894F4024CBBD09004D47F9 /* Build configuration list for PBXNativeTarget "PixabayImageTests" */;
			buildPhases = (
				7D894F3024CBBD09004D47F9 /* Sources */,
				7D894F3124CBBD09004D47F9 /* Frameworks */,
				7D894F3224CBBD09004D47F9 /* Resources */,
			);
			buildRules = (
			);
			dependencies = (
				7D894F3624CBBD09004D47F9 /* PBXTargetDependency */,
			);
			name = PixabayImageTests;
			productName = PixabayImageTests;
			productReference = 7D894F3424CBBD09004D47F9 /* PixabayImageTests.xctest */;
			productType = "com.apple.product-type.bundle.unit-test";
		};
/* End PBXNativeTarget section */

/* Begin PBXProject section */
		7D894F1624CBBD07004D47F9 /* Project object */ = {
			isa = PBXProject;
			attributes = {
				LastSwiftUpdateCheck = 1160;
				LastUpgradeCheck = 1160;
				ORGANIZATIONNAME = "Noot Fang";
				TargetAttributes = {
					7D894F1D24CBBD07004D47F9 = {
						CreatedOnToolsVersion = 11.6;
					};
					7D894F3324CBBD09004D47F9 = {
						CreatedOnToolsVersion = 11.6;
						TestTargetID = 7D894F1D24CBBD07004D47F9;
					};
				};
			};
			buildConfigurationList = 7D894F1924CBBD07004D47F9 /* Build configuration list for PBXProject "PixabayImage" */;
			compatibilityVersion = "Xcode 9.3";
			developmentRegion = en;
			hasScannedForEncodings = 0;
			knownRegions = (
				en,
				Base,
			);
			mainGroup = 7D894F1524CBBD07004D47F9;
			productRefGroup = 7D894F1F24CBBD07004D47F9 /* Products */;
			projectDirPath = "";
			projectRoot = "";
			targets = (
				7D894F1D24CBBD07004D47F9 /* PixabayImage */,
				7D894F3324CBBD09004D47F9 /* PixabayImageTests */,
			);
		};
/* End PBXProject section */

/* Begin PBXResourcesBuildPhase section */
		7D894F1C24CBBD07004D47F9 /* Resources */ = {
			isa = PBXResourcesBuildPhase;
			buildActionMask = 2147483647;
			files = (
				7D894F2E24CBBD09004D47F9 /* LaunchScreen.storyboard in Resources */,
				7D894F2B24CBBD09004D47F9 /* Assets.xcassets in Resources */,
				7D894F2924CBBD07004D47F9 /* Main.storyboard in Resources */,
			);
			runOnlyForDeploymentPostprocessing = 0;
		};
		7D894F3224CBBD09004D47F9 /* Resources */ = {
			isa = PBXResourcesBuildPhase;
			buildActionMask = 2147483647;
			files = (
			);
			runOnlyForDeploymentPostprocessing = 0;
		};
/* End PBXResourcesBuildPhase section */

/* Begin PBXSourcesBuildPhase section */
		7D894F1A24CBBD07004D47F9 /* Sources */ = {
			isa = PBXSourcesBuildPhase;
			buildActionMask = 2147483647;
			files = (
				7D894F2624CBBD07004D47F9 /* ViewController.swift in Sources */,
				7D894F2224CBBD07004D47F9 /* AppDelegate.swift in Sources */,
				7D894F2424CBBD07004D47F9 /* SceneDelegate.swift in Sources */,
			);
			runOnlyForDeploymentPostprocessing = 0;
		};
		7D894F3024CBBD09004D47F9 /* Sources */ = {
			isa = PBXSourcesBuildPhase;
			buildActionMask = 2147483647;
			files = (
				7D894F3924CBBD09004D47F9 /* PixabayImageTests.swift in Sources */,
			);
			runOnlyForDeploymentPostprocessing = 0;
		};
/* End PBXSourcesBuildPhase section */

/* Begin PBXTargetDependency section */
		7D894F3624CBBD09004D47F9 /* PBXTargetDependency */ = {
			isa = PBXTargetDependency;
			target = 7D894F1D24CBBD07004D47F9 /* PixabayImage */;
			targetProxy = 7D894F3524CBBD09004D47F9 /* PBXContainerItemProxy */;
		};
/* End PBXTargetDependency section */

/* Begin PBXVariantGroup section */
		7D894F2724CBBD07004D47F9 /* Main.storyboard */ = {
			isa = PBXVariantGroup;
			children = (
				7D894F2824CBBD07004D47F9 /* Base */,
			);
			name = Main.storyboard;
			sourceTree = "<group>";
		};
		7D894F2C24CBBD09004D47F9 /* LaunchScreen.storyboard */ = {
			isa = PBXVariantGroup;
			children = (
				7D894F2D24CBBD09004D47F9 /* Base */,
			);
			name = LaunchScreen.storyboard;
			sourceTree = "<group>";
		};
/* End PBXVariantGroup section */

/* Begin XCBuildConfiguration section */
		7D894F3B24CBBD09004D47F9 /* Debug */ = {
			isa = XCBuildConfiguration;
			buildSettings = {
				ALWAYS_SEARCH_USER_PATHS = NO;
				CLANG_ANALYZER_NONNULL = YES;
				CLANG_ANALYZER_NUMBER_OBJECT_CONVERSION = YES_AGGRESSIVE;
				CLANG_CXX_LANGUAGE_STANDARD = "gnu++14";
				CLANG_CXX_LIBRARY = "libc++";
				CLANG_ENABLE_MODULES = YES;
				CLANG_ENABLE_OBJC_ARC = YES;
				CLANG_ENABLE_OBJC_WEAK = YES;
				CLANG_WARN_BLOCK_CAPTURE_AUTORELEASING = YES;
				CLANG_WARN_BOOL_CONVERSION = YES;
				CLANG_WARN_COMMA = YES;
				CLANG_WARN_CONSTANT_CONVERSION = YES;
				CLANG_WARN_DEPRECATED_OBJC_IMPLEMENTATIONS = YES;
				CLANG_WARN_DIRECT_OBJC_ISA_USAGE = YES_ERROR;
				CLANG_WARN_DOCUMENTATION_COMMENTS = YES;
				CLANG_WARN_EMPTY_BODY = YES;
				CLANG_WARN_ENUM_CONVERSION = YES;
				CLANG_WARN_INFINITE_RECURSION = YES;
				CLANG_WARN_INT_CONVERSION = YES;
				CLANG_WARN_NON_LITERAL_NULL_CONVERSION = YES;
				CLANG_WARN_OBJC_IMPLICIT_RETAIN_SELF = YES;
				CLANG_WARN_OBJC_LITERAL_CONVERSION = YES;
				CLANG_WARN_OBJC_ROOT_CLASS = YES_ERROR;
				CLANG_WARN_RANGE_LOOP_ANALYSIS = YES;
				CLANG_WARN_STRICT_PROTOTYPES = YES;
				CLANG_WARN_SUSPICIOUS_MOVE = YES;
				CLANG_WARN_UNGUARDED_AVAILABILITY = YES_AGGRESSIVE;
				CLANG_WARN_UNREACHABLE_CODE = YES;
				CLANG_WARN__DUPLICATE_METHOD_MATCH = YES;
				COPY_PHASE_STRIP = NO;
				DEBUG_INFORMATION_FORMAT = dwarf;
				ENABLE_STRICT_OBJC_MSGSEND = YES;
				ENABLE_TESTABILITY = YES;
				GCC_C_LANGUAGE_STANDARD = gnu11;
				GCC_DYNAMIC_NO_PIC = NO;
				GCC_NO_COMMON_BLOCKS = YES;
				GCC_OPTIMIZATION_LEVEL = 0;
				GCC_PREPROCESSOR_DEFINITIONS = (
					"DEBUG=1",
					"$(inherited)",
				);
				GCC_WARN_64_TO_32_BIT_CONVERSION = YES;
				GCC_WARN_ABOUT_RETURN_TYPE = YES_ERROR;
				GCC_WARN_UNDECLARED_SELECTOR = YES;
				GCC_WARN_UNINITIALIZED_AUTOS = YES_AGGRESSIVE;
				GCC_WARN_UNUSED_FUNCTION = YES;
				GCC_WARN_UNUSED_VARIABLE = YES;
				IPHONEOS_DEPLOYMENT_TARGET = 13.6;
				MTL_ENABLE_DEBUG_INFO = INCLUDE_SOURCE;
				MTL_FAST_MATH = YES;
				ONLY_ACTIVE_ARCH = YES;
				SDKROOT = iphoneos;
				SWIFT_ACTIVE_COMPILATION_CONDITIONS = DEBUG;
				SWIFT_OPTIMIZATION_LEVEL = "-Onone";
			};
			name = Debug;
		};
		7D894F3C24CBBD09004D47F9 /* Release */ = {
			isa = XCBuildConfiguration;
			buildSettings = {
				ALWAYS_SEARCH_USER_PATHS = NO;
				CLANG_ANALYZER_NONNULL = YES;
				CLANG_ANALYZER_NUMBER_OBJECT_CONVERSION = YES_AGGRESSIVE;
				CLANG_CXX_LANGUAGE_STANDARD = "gnu++14";
				CLANG_CXX_LIBRARY = "libc++";
				CLANG_ENABLE_MODULES = YES;
				CLANG_ENABLE_OBJC_ARC = YES;
				CLANG_ENABLE_OBJC_WEAK = YES;
				CLANG_WARN_BLOCK_CAPTURE_AUTORELEASING = YES;
				CLANG_WARN_BOOL_CONVERSION = YES;
				CLANG_WARN_COMMA = YES;
				CLANG_WARN_CONSTANT_CONVERSION = YES;
				CLANG_WARN_DEPRECATED_OBJC_IMPLEMENTATIONS = YES;
				CLANG_WARN_DIRECT_OBJC_ISA_USAGE = YES_ERROR;
				CLANG_WARN_DOCUMENTATION_COMMENTS = YES;
				CLANG_WARN_EMPTY_BODY = YES;
				CLANG_WARN_ENUM_CONVERSION = YES;
				CLANG_WARN_INFINITE_RECURSION = YES;
				CLANG_WARN_INT_CONVERSION = YES;
				CLANG_WARN_NON_LITERAL_NULL_CONVERSION = YES;
				CLANG_WARN_OBJC_IMPLICIT_RETAIN_SELF = YES;
				CLANG_WARN_OBJC_LITERAL_CONVERSION = YES;
				CLANG_WARN_OBJC_ROOT_CLASS = YES_ERROR;
				CLANG_WARN_RANGE_LOOP_ANALYSIS = YES;
				CLANG_WARN_STRICT_PROTOTYPES = YES;
				CLANG_WARN_SUSPICIOUS_MOVE = YES;
				CLANG_WARN_UNGUARDED_AVAILABILITY = YES_AGGRESSIVE;
				CLANG_WARN_UNREACHABLE_CODE = YES;
				CLANG_WARN__DUPLICATE_METHOD_MATCH = YES;
				COPY_PHASE_STRIP = NO;
				DEBUG_INFORMATION_FORMAT = "dwarf-with-dsym";
				ENABLE_NS_ASSERTIONS = NO;
				ENABLE_STRICT_OBJC_MSGSEND = YES;
				GCC_C_LANGUAGE_STANDARD = gnu11;
				GCC_NO_COMMON_BLOCKS = YES;
				GCC_WARN_64_TO_32_BIT_CONVERSION = YES;
				GCC_WARN_ABOUT_RETURN_TYPE = YES_ERROR;
				GCC_WARN_UNDECLARED_SELECTOR = YES;
				GCC_WARN_UNINITIALIZED_AUTOS = YES_AGGRESSIVE;
				GCC_WARN_UNUSED_FUNCTION = YES;
				GCC_WARN_UNUSED_VARIABLE = YES;
				IPHONEOS_DEPLOYMENT_TARGET = 13.6;
				MTL_ENABLE_DEBUG_INFO = NO;
				MTL_FAST_MATH = YES;
				SDKROOT = iphoneos;
				SWIFT_COMPILATION_MODE = wholemodule;
				SWIFT_OPTIMIZATION_LEVEL = "-O";
				VALIDATE_PRODUCT = YES;
			};
			name = Release;
		};
		7D894F3E24CBBD09004D47F9 /* Debug */ = {
			isa = XCBuildConfiguration;
			buildSettings = {
				ASSETCATALOG_COMPILER_APPICON_NAME = AppIcon;
				CODE_SIGN_STYLE = Automatic;
				DEVELOPMENT_TEAM = 5HKMC492TW;
				INFOPLIST_FILE = PixabayImage/Info.plist;
				LD_RUNPATH_SEARCH_PATHS = (
					"$(inherited)",
					"@executable_path/Frameworks",
				);
				PRODUCT_BUNDLE_IDENTIFIER = app.noot.PixabayImage;
				PRODUCT_NAME = "$(TARGET_NAME)";
				SWIFT_VERSION = 5.0;
				TARGETED_DEVICE_FAMILY = "1,2";
			};
			name = Debug;
		};
		7D894F3F24CBBD09004D47F9 /* Release */ = {
			isa = XCBuildConfiguration;
			buildSettings = {
				ASSETCATALOG_COMPILER_APPICON_NAME = AppIcon;
				CODE_SIGN_STYLE = Automatic;
				DEVELOPMENT_TEAM = 5HKMC492TW;
				INFOPLIST_FILE = PixabayImage/Info.plist;
				LD_RUNPATH_SEARCH_PATHS = (
					"$(inherited)",
					"@executable_path/Frameworks",
				);
				PRODUCT_BUNDLE_IDENTIFIER = app.noot.PixabayImage;
				PRODUCT_NAME = "$(TARGET_NAME)";
				SWIFT_VERSION = 5.0;
				TARGETED_DEVICE_FAMILY = "1,2";
			};
			name = Release;
		};
		7D894F4124CBBD09004D47F9 /* Debug */ = {
			isa = XCBuildConfiguration;
			buildSettings = {
				ALWAYS_EMBED_SWIFT_STANDARD_LIBRARIES = YES;
				BUNDLE_LOADER = "$(TEST_HOST)";
				CODE_SIGN_STYLE = Automatic;
				DEVELOPMENT_TEAM = 5HKMC492TW;
				INFOPLIST_FILE = PixabayImageTests/Info.plist;
				IPHONEOS_DEPLOYMENT_TARGET = 13.6;
				LD_RUNPATH_SEARCH_PATHS = (
					"$(inherited)",
					"@executable_path/Frameworks",
					"@loader_path/Frameworks",
				);
				PRODUCT_BUNDLE_IDENTIFIER = app.noot.PixabayImageTests;
				PRODUCT_NAME = "$(TARGET_NAME)";
				SWIFT_VERSION = 5.0;
				TARGETED_DEVICE_FAMILY = "1,2";
				TEST_HOST = "$(BUILT_PRODUCTS_DIR)/PixabayImage.app/PixabayImage";
			};
			name = Debug;
		};
		7D894F4224CBBD09004D47F9 /* Release */ = {
			isa = XCBuildConfiguration;
			buildSettings = {
				ALWAYS_EMBED_SWIFT_STANDARD_LIBRARIES = YES;
				BUNDLE_LOADER = "$(TEST_HOST)";
				CODE_SIGN_STYLE = Automatic;
				DEVELOPMENT_TEAM = 5HKMC492TW;
				INFOPLIST_FILE = PixabayImageTests/Info.plist;
				IPHONEOS_DEPLOYMENT_TARGET = 13.6;
				LD_RUNPATH_SEARCH_PATHS = (
					"$(inherited)",
					"@executable_path/Frameworks",
					"@loader_path/Frameworks",
				);
				PRODUCT_BUNDLE_IDENTIFIER = app.noot.PixabayImageTests;
				PRODUCT_NAME = "$(TARGET_NAME)";
				SWIFT_VERSION = 5.0;
				TARGETED_DEVICE_FAMILY = "1,2";
				TEST_HOST = "$(BUILT_PRODUCTS_DIR)/PixabayImage.app/PixabayImage";
			};
			name = Release;
		};
/* End XCBuildConfiguration section */

/* Begin XCConfigurationList section */
		7D894F1924CBBD07004D47F9 /* Build configuration list for PBXProject "PixabayImage" */ = {
			isa = XCConfigurationList;
			buildConfigurations = (
				7D894F3B24CBBD09004D47F9 /* Debug */,
				7D894F3C24CBBD09004D47F9 /* Release */,
			);
			defaultConfigurationIsVisible = 0;
			defaultConfigurationName = Release;
		};
		7D894F3D24CBBD09004D47F9 /* Build configuration list for PBXNativeTarget "PixabayImage" */ = {
			isa = XCConfigurationList;
			buildConfigurations = (
				7D894F3E24CBBD09004D47F9 /* Debug */,
				7D894F3F24CBBD09004D47F9 /* Release */,
			);
			defaultConfigurationIsVisible = 0;
			defaultConfigurationName = Release;
		};
		7D894F4024CBBD09004D47F9 /* Build configuration list for PBXNativeTarget "PixabayImageTests" */ = {
			isa = XCConfigurationList;
			buildConfigurations = (
				7D894F4124CBBD09004D47F9 /* Debug */,
				7D894F4224CBBD09004D47F9 /* Release */,
			);
			defaultConfigurationIsVisible = 0;
			defaultConfigurationName = Release;
		};
/* End XCConfigurationList section */
	};
	rootObject = 7D894F1624CBBD07004D47F9 /* Project object */;
}
